
Microsoft Visual Studio Solution File, Format Version 12.00
# Visual Studio Version 17
VisualStudioVersion = 17.9.34728.123
MinimumVisualStudioVersion = 10.0.40219.1
Project("{9A19103F-16F7-4668-BE54-9A1E7A4F7556}") = "WpfAppdotnet8", "WpfAppdotnet8\WpfAppdotnet8.csproj", "{86C245D4-2B7B-447A-A1E8-A27F6B8FEC7A}"
EndProject
Project("{9A19103F-16F7-4668-BE54-9A1E7A4F7556}") = "ClassLibrarydotnetStandard2", "ClassLibrarydotnetStandard2\ClassLibrarydotnetStandard2.csproj", "{31AFE0F8-81B6-4B21-9CC0-EA736E50140B}"
EndProject
Project("{C7167F0D-BC9F-4E6E-AFE1-012C56B48DB5}") = "WPFdotnet8_PackageToPublishToStore", "WPFdotnet8_PackageToPublishToStore\WPFdotnet8_PackageToPublishToStore.wapproj", "{65E37EEB-12DA-4A50-B053-BE2E3FBCD245}"
EndProject
Project("{FAE04EC0-301F-11D3-BF4B-00C04F79EFBC}") = "xWpfApp1", "WpfApp1\xWpfApp1.csproj", "{153155B5-25F0-4858-85B5-0C834266780D}"
EndProject
Project("{C7167F0D-BC9F-4E6E-AFE1-012C56B48DB5}") = "xWpfApp1_Package", "xWpfApp1_Package\xWpfApp1_Package.wapproj", "{D7AF8529-94B2-4348-95AD-6C1A8D36BB0F}"
EndProject
Global
	GlobalSection(SolutionConfigurationPlatforms) = preSolution
		Debug|Any CPU = Debug|Any CPU
		Debug|ARM = Debug|ARM
		Debug|ARM64 = Debug|ARM64
		Debug|x64 = Debug|x64
		Debug|x86 = Debug|x86
		Release|Any CPU = Release|Any CPU
		Release|ARM = Release|ARM
		Release|ARM64 = Release|ARM64
		Release|x64 = Release|x64
		Release|x86 = Release|x86
	EndGlobalSection
	GlobalSection(ProjectConfigurationPlatforms) = postSolution
		{86C245D4-2B7B-447A-A1E8-A27F6B8FEC7A}.Debug|Any CPU.ActiveCfg = Debug|Any CPU
		{86C245D4-2B7B-447A-A1E8-A27F6B8FEC7A}.Debug|Any CPU.Build.0 = Debug|Any CPU
		{86C245D4-2B7B-447A-A1E8-A27F6B8FEC7A}.Debug|ARM.ActiveCfg = Debug|Any CPU
		{86C245D4-2B7B-447A-A1E8-A27F6B8FEC7A}.Debug|ARM.Build.0 = Debug|Any CPU
		{86C245D4-2B7B-447A-A1E8-A27F6B8FEC7A}.Debug|ARM64.ActiveCfg = Debug|Any CPU
		{86C245D4-2B7B-447A-A1E8-A27F6B8FEC7A}.Debug|ARM64.Build.0 = Debug|Any CPU
		{86C245D4-2B7B-447A-A1E8-A27F6B8FEC7A}.Debug|x64.ActiveCfg = Debug|Any CPU
		{86C245D4-2B7B-447A-A1E8-A27F6B8FEC7A}.Debug|x64.Build.0 = Debug|Any CPU
		{86C245D4-2B7B-447A-A1E8-A27F6B8FEC7A}.Debug|x86.ActiveCfg = Debug|Any CPU
		{86C245D4-2B7B-447A-A1E8-A27F6B8FEC7A}.Debug|x86.Build.0 = Debug|Any CPU
		{86C245D4-2B7B-447A-A1E8-A27F6B8FEC7A}.Release|Any CPU.ActiveCfg = Release|Any CPU
		{86C245D4-2B7B-447A-A1E8-A27F6B8FEC7A}.Release|Any CPU.Build.0 = Release|Any CPU
		{86C245D4-2B7B-447A-A1E8-A27F6B8FEC7A}.Release|ARM.ActiveCfg = Release|Any CPU
		{86C245D4-2B7B-447A-A1E8-A27F6B8FEC7A}.Release|ARM.Build.0 = Release|Any CPU
		{86C245D4-2B7B-447A-A1E8-A27F6B8FEC7A}.Release|ARM64.ActiveCfg = Release|Any CPU
		{86C245D4-2B7B-447A-A1E8-A27F6B8FEC7A}.Release|ARM64.Build.0 = Release|Any CPU
		{86C245D4-2B7B-447A-A1E8-A27F6B8FEC7A}.Release|x64.ActiveCfg = Release|Any CPU
		{86C245D4-2B7B-447A-A1E8-A27F6B8FEC7A}.Release|x64.Build.0 = Release|Any CPU
		{86C245D4-2B7B-447A-A1E8-A27F6B8FEC7A}.Release|x86.ActiveCfg = Release|Any CPU
		{86C245D4-2B7B-447A-A1E8-A27F6B8FEC7A}.Release|x86.Build.0 = Release|Any CPU
		{31AFE0F8-81B6-4B21-9CC0-EA736E50140B}.Debug|Any CPU.ActiveCfg = Debug|Any CPU
		{31AFE0F8-81B6-4B21-9CC0-EA736E50140B}.Debug|Any CPU.Build.0 = Debug|Any CPU
		{31AFE0F8-81B6-4B21-9CC0-EA736E50140B}.Debug|ARM.ActiveCfg = Debug|Any CPU
		{31AFE0F8-81B6-4B21-9CC0-EA736E50140B}.Debug|ARM.Build.0 = Debug|Any CPU
		{31AFE0F8-81B6-4B21-9CC0-EA736E50140B}.Debug|ARM64.ActiveCfg = Debug|Any CPU
		{31AFE0F8-81B6-4B21-9CC0-EA736E50140B}.Debug|ARM64.Build.0 = Debug|Any CPU
		{31AFE0F8-81B6-4B21-9CC0-EA736E50140B}.Debug|x64.ActiveCfg = Debug|Any CPU
		{31AFE0F8-81B6-4B21-9CC0-EA736E50140B}.Debug|x64.Build.0 = Debug|Any CPU
		{31AFE0F8-81B6-4B21-9CC0-EA736E50140B}.Debug|x86.ActiveCfg = Debug|Any CPU
		{31AFE0F8-81B6-4B21-9CC0-EA736E50140B}.Debug|x86.Build.0 = Debug|Any CPU
		{31AFE0F8-81B6-4B21-9CC0-EA736E50140B}.Release|Any CPU.ActiveCfg = Release|Any CPU
		{31AFE0F8-81B6-4B21-9CC0-EA736E50140B}.Release|Any CPU.Build.0 = Release|Any CPU
		{31AFE0F8-81B6-4B21-9CC0-EA736E50140B}.Release|ARM.ActiveCfg = Release|Any CPU
		{31AFE0F8-81B6-4B21-9CC0-EA736E50140B}.Release|ARM.Build.0 = Release|Any CPU
		{31AFE0F8-81B6-4B21-9CC0-EA736E50140B}.Release|ARM64.ActiveCfg = Release|Any CPU
		{31AFE0F8-81B6-4B21-9CC0-EA736E50140B}.Release|ARM64.Build.0 = Release|Any CPU
		{31AFE0F8-81B6-4B21-9CC0-EA736E50140B}.Release|x64.ActiveCfg = Release|Any CPU
		{31AFE0F8-81B6-4B21-9CC0-EA736E50140B}.Release|x64.Build.0 = Release|Any CPU
		{31AFE0F8-81B6-4B21-9CC0-EA736E50140B}.Release|x86.ActiveCfg = Release|Any CPU
		{31AFE0F8-81B6-4B21-9CC0-EA736E50140B}.Release|x86.Build.0 = Release|Any CPU
		{65E37EEB-12DA-4A50-B053-BE2E3FBCD245}.Debug|Any CPU.ActiveCfg = Debug|Any CPU
		{65E37EEB-12DA-4A50-B053-BE2E3FBCD245}.Debug|Any CPU.Build.0 = Debug|Any CPU
		{65E37EEB-12DA-4A50-B053-BE2E3FBCD245}.Debug|Any CPU.Deploy.0 = Debug|Any CPU
		{65E37EEB-12DA-4A50-B053-BE2E3FBCD245}.Debug|ARM.ActiveCfg = Debug|ARM
		{65E37EEB-12DA-4A50-B053-BE2E3FBCD245}.Debug|ARM.Build.0 = Debug|ARM
		{65E37EEB-12DA-4A50-B053-BE2E3FBCD245}.Debug|ARM.Deploy.0 = Debug|ARM
		{65E37EEB-12DA-4A50-B053-BE2E3FBCD245}.Debug|ARM64.ActiveCfg = Debug|ARM64
		{65E37EEB-12DA-4A50-B053-BE2E3FBCD245}.Debug|ARM64.Build.0 = Debug|ARM64
		{65E37EEB-12DA-4A50-B053-BE2E3FBCD245}.Debug|ARM64.Deploy.0 = Debug|ARM64
		{65E37EEB-12DA-4A50-B053-BE2E3FBCD245}.Debug|x64.ActiveCfg = Debug|x64
		{65E37EEB-12DA-4A50-B053-BE2E3FBCD245}.Debug|x64.Build.0 = Debug|x64
		{65E37EEB-12DA-4A50-B053-BE2E3FBCD245}.Debug|x64.Deploy.0 = Debug|x64
		{65E37EEB-12DA-4A50-B053-BE2E3FBCD245}.Debug|x86.ActiveCfg = Debug|x86
		{65E37EEB-12DA-4A50-B053-BE2E3FBCD245}.Debug|x86.Build.0 = Debug|x86
		{65E37EEB-12DA-4A50-B053-BE2E3FBCD245}.Debug|x86.Deploy.0 = Debug|x86
		{65E37EEB-12DA-4A50-B053-BE2E3FBCD245}.Release|Any CPU.ActiveCfg = Release|Any CPU
		{65E37EEB-12DA-4A50-B053-BE2E3FBCD245}.Release|Any CPU.Build.0 = Release|Any CPU
		{65E37EEB-12DA-4A50-B053-BE2E3FBCD245}.Release|Any CPU.Deploy.0 = Release|Any CPU
		{65E37EEB-12DA-4A50-B053-BE2E3FBCD245}.Release|ARM.ActiveCfg = Release|ARM
		{65E37EEB-12DA-4A50-B053-BE2E3FBCD245}.Release|ARM.Build.0 = Release|ARM
		{65E37EEB-12DA-4A50-B053-BE2E3FBCD245}.Release|ARM.Deploy.0 = Release|ARM
		{65E37EEB-12DA-4A50-B053-BE2E3FBCD245}.Release|ARM64.ActiveCfg = Release|ARM64
		{65E37EEB-12DA-4A50-B053-BE2E3FBCD245}.Release|ARM64.Build.0 = Release|ARM64
		{65E37EEB-12DA-4A50-B053-BE2E3FBCD245}.Release|ARM64.Deploy.0 = Release|ARM64
		{65E37EEB-12DA-4A50-B053-BE2E3FBCD245}.Release|x64.ActiveCfg = Release|x64
		{65E37EEB-12DA-4A50-B053-BE2E3FBCD245}.Release|x64.Build.0 = Release|x64
		{65E37EEB-12DA-4A50-B053-BE2E3FBCD245}.Release|x64.Deploy.0 = Release|x64
		{65E37EEB-12DA-4A50-B053-BE2E3FBCD245}.Release|x86.ActiveCfg = Release|x86
		{65E37EEB-12DA-4A50-B053-BE2E3FBCD245}.Release|x86.Build.0 = Release|x86
		{65E37EEB-12DA-4A50-B053-BE2E3FBCD245}.Release|x86.Deploy.0 = Release|x86
		{153155B5-25F0-4858-85B5-0C834266780D}.Debug|Any CPU.ActiveCfg = Debug|Any CPU
		{153155B5-25F0-4858-85B5-0C834266780D}.Debug|Any CPU.Build.0 = Debug|Any CPU
		{153155B5-25F0-4858-85B5-0C834266780D}.Debug|ARM.ActiveCfg = Debug|Any CPU
		{153155B5-25F0-4858-85B5-0C834266780D}.Debug|ARM.Build.0 = Debug|Any CPU
		{153155B5-25F0-4858-85B5-0C834266780D}.Debug|ARM64.ActiveCfg = Debug|Any CPU
		{153155B5-25F0-4858-85B5-0C834266780D}.Debug|ARM64.Build.0 = Debug|Any CPU
		{153155B5-25F0-4858-85B5-0C834266780D}.Debug|x64.ActiveCfg = Debug|Any CPU
		{153155B5-25F0-4858-85B5-0C834266780D}.Debug|x64.Build.0 = Debug|Any CPU
		{153155B5-25F0-4858-85B5-0C834266780D}.Debug|x86.ActiveCfg = Debug|Any CPU
		{153155B5-25F0-4858-85B5-0C834266780D}.Debug|x86.Build.0 = Debug|Any CPU
		{153155B5-25F0-4858-85B5-0C834266780D}.Release|Any CPU.ActiveCfg = Release|Any CPU
		{153155B5-25F0-4858-85B5-0C834266780D}.Release|Any CPU.Build.0 = Release|Any CPU
		{153155B5-25F0-4858-85B5-0C834266780D}.Release|ARM.ActiveCfg = Release|Any CPU
		{153155B5-25F0-4858-85B5-0C834266780D}.Release|ARM.Build.0 = Release|Any CPU
		{153155B5-25F0-4858-85B5-0C834266780D}.Release|ARM64.ActiveCfg = Release|Any CPU
		{153155B5-25F0-4858-85B5-0C834266780D}.Release|ARM64.Build.0 = Release|Any CPU
		{153155B5-25F0-4858-85B5-0C834266780D}.Release|x64.ActiveCfg = Release|Any CPU
		{153155B5-25F0-4858-85B5-0C834266780D}.Release|x64.Build.0 = Release|Any CPU
		{153155B5-25F0-4858-85B5-0C834266780D}.Release|x86.ActiveCfg = Release|Any CPU
		{153155B5-25F0-4858-85B5-0C834266780D}.Release|x86.Build.0 = Release|Any CPU
		{D7AF8529-94B2-4348-95AD-6C1A8D36BB0F}.Debug|Any CPU.ActiveCfg = Debug|Any CPU
		{D7AF8529-94B2-4348-95AD-6C1A8D36BB0F}.Debug|Any CPU.Build.0 = Debug|Any CPU
		{D7AF8529-94B2-4348-95AD-6C1A8D36BB0F}.Debug|Any CPU.Deploy.0 = Debug|Any CPU
		{D7AF8529-94B2-4348-95AD-6C1A8D36BB0F}.Debug|ARM.ActiveCfg = Debug|ARM
		{D7AF8529-94B2-4348-95AD-6C1A8D36BB0F}.Debug|ARM.Build.0 = Debug|ARM
		{D7AF8529-94B2-4348-95AD-6C1A8D36BB0F}.Debug|ARM.Deploy.0 = Debug|ARM
		{D7AF8529-94B2-4348-95AD-6C1A8D36BB0F}.Debug|ARM64.ActiveCfg = Debug|ARM64
		{D7AF8529-94B2-4348-95AD-6C1A8D36BB0F}.Debug|ARM64.Build.0 = Debug|ARM64
		{D7AF8529-94B2-4348-95AD-6C1A8D36BB0F}.Debug|ARM64.Deploy.0 = Debug|ARM64
		{D7AF8529-94B2-4348-95AD-6C1A8D36BB0F}.Debug|x64.ActiveCfg = Debug|x64
		{D7AF8529-94B2-4348-95AD-6C1A8D36BB0F}.Debug|x64.Build.0 = Debug|x64
		{D7AF8529-94B2-4348-95AD-6C1A8D36BB0F}.Debug|x64.Deploy.0 = Debug|x64
		{D7AF8529-94B2-4348-95AD-6C1A8D36BB0F}.Debug|x86.ActiveCfg = Debug|x86
		{D7AF8529-94B2-4348-95AD-6C1A8D36BB0F}.Debug|x86.Build.0 = Debug|x86
		{D7AF8529-94B2-4348-95AD-6C1A8D36BB0F}.Debug|x86.Deploy.0 = Debug|x86
		{D7AF8529-94B2-4348-95AD-6C1A8D36BB0F}.Release|Any CPU.ActiveCfg = Release|Any CPU
		{D7AF8529-94B2-4348-95AD-6C1A8D36BB0F}.Release|Any CPU.Build.0 = Release|Any CPU
		{D7AF8529-94B2-4348-95AD-6C1A8D36BB0F}.Release|Any CPU.Deploy.0 = Release|Any CPU
		{D7AF8529-94B2-4348-95AD-6C1A8D36BB0F}.Release|ARM.ActiveCfg = Release|ARM
		{D7AF8529-94B2-4348-95AD-6C1A8D36BB0F}.Release|ARM.Build.0 = Release|ARM
		{D7AF8529-94B2-4348-95AD-6C1A8D36BB0F}.Release|ARM.Deploy.0 = Release|ARM
		{D7AF8529-94B2-4348-95AD-6C1A8D36BB0F}.Release|ARM64.ActiveCfg = Release|ARM64
		{D7AF8529-94B2-4348-95AD-6C1A8D36BB0F}.Release|ARM64.Build.0 = Release|ARM64
		{D7AF8529-94B2-4348-95AD-6C1A8D36BB0F}.Release|ARM64.Deploy.0 = Release|ARM64
		{D7AF8529-94B2-4348-95AD-6C1A8D36BB0F}.Release|x64.ActiveCfg = Release|x64
		{D7AF8529-94B2-4348-95AD-6C1A8D36BB0F}.Release|x64.Build.0 = Release|x64
		{D7AF8529-94B2-4348-95AD-6C1A8D36BB0F}.Release|x64.Deploy.0 = Release|x64
		{D7AF8529-94B2-4348-95AD-6C1A8D36BB0F}.Release|x86.ActiveCfg = Release|x86
		{D7AF8529-94B2-4348-95AD-6C1A8D36BB0F}.Release|x86.Build.0 = Release|x86
		{D7AF8529-94B2-4348-95AD-6C1A8D36BB0F}.Release|x86.Deploy.0 = Release|x86
	EndGlobalSection
	GlobalSection(SolutionProperties) = preSolution
		HideSolutionNode = FALSE
	EndGlobalSection
	GlobalSection(ExtensibilityGlobals) = postSolution
		SolutionGuid = {95B8A54F-4B4B-4D33-BAC2-3B328525480E}
	EndGlobalSection
EndGlobal
